
Microsoft Visual Studio Solution File, Format Version 12.00
Project("{FAE04EC0-301F-11D3-BF4B-00C04F79EFBC}") = "CSharpExtensions.Lib", "CSharpExtensions.Lib\CSharpExtensions.Lib.csproj", "{17781F40-D364-4B96-BF52-4BDE850E67B4}"
EndProject
Project("{FAE04EC0-301F-11D3-BF4B-00C04F79EFBC}") = "CSharpExtensions.Tests", "CSharpExtensions.Tests\CSharpExtensions.Tests.csproj", "{9E748E68-16F2-486C-8D79-0297BD7FD607}"
EndProject
Global
	GlobalSection(SolutionConfigurationPlatforms) = preSolution
		Debug|Any CPU = Debug|Any CPU
		Release|Any CPU = Release|Any CPU
	EndGlobalSection
	GlobalSection(ProjectConfigurationPlatforms) = postSolution
		{17781F40-D364-4B96-BF52-4BDE850E67B4}.Debug|Any CPU.ActiveCfg = Debug|Any CPU
		{17781F40-D364-4B96-BF52-4BDE850E67B4}.Debug|Any CPU.Build.0 = Debug|Any CPU
		{17781F40-D364-4B96-BF52-4BDE850E67B4}.Release|Any CPU.ActiveCfg = Release|Any CPU
		{17781F40-D364-4B96-BF52-4BDE850E67B4}.Release|Any CPU.Build.0 = Release|Any CPU
		{9E748E68-16F2-486C-8D79-0297BD7FD607}.Debug|Any CPU.ActiveCfg = Debug|Any CPU
		{9E748E68-16F2-486C-8D79-0297BD7FD607}.Debug|Any CPU.Build.0 = Debug|Any CPU
		{9E748E68-16F2-486C-8D79-0297BD7FD607}.Release|Any CPU.ActiveCfg = Release|Any CPU
		{9E748E68-16F2-486C-8D79-0297BD7FD607}.Release|Any CPU.Build.0 = Release|Any CPU
	EndGlobalSection
EndGlobal
